<?xml version="1.0" encoding="UTF-8" standalone="yes" ?>
<CodeBlocks_project_file>
	<FileVersion major="1" minor="6" />
	<Project>
		<Option title="Encec2019" />
		<Option pch_mode="2" />
		<Option compiler="gcc" />
		<Build>
			<Target title="Debug">
				<Option output="bin/Debug/Encec2019" prefix_auto="1" extension_auto="1" />
				<Option object_output="obj/Debug/" />
				<Option type="1" />
				<Option compiler="gcc" />
				<Compiler>
					<Add option="-g" />
				</Compiler>
			</Target>
			<Target title="Release">
				<Option output="bin/Release/Encec2019" prefix_auto="1" extension_auto="1" />
				<Option object_output="obj/Release/" />
				<Option type="1" />
				<Option compiler="gcc" />
				<Compiler>
					<Add option="-O2" />
				</Compiler>
				<Linker>
					<Add option="-s" />
				</Linker>
			</Target>
		</Build>
		<Compiler>
			<Add option="-Wall" />
		</Compiler>
		<Unit filename="cadastrar.c">
			<Option compilerVar="CC" />
		</Unit>
		<Unit filename="congressista.c">
			<Option compilerVar="CC" />
		</Unit>
		<Unit filename="congressista.h">
			<Option target="&lt;{~None~}&gt;" />
		</Unit>
		<Unit filename="data_hora.c">
			<Option compilerVar="CC" />
			<Option target="&lt;{~None~}&gt;" />
		</Unit>
		<Unit filename="editar.c">
			<Option compilerVar="CC" />
		</Unit>
		<Unit filename="evento.c">
			<Option compilerVar="CC" />
		</Unit>
		<Unit filename="evento.h">
			<Option target="&lt;{~None~}&gt;" />
		</Unit>
		<Unit filename="listar.c">
			<Option compilerVar="CC" />
		</Unit>
		<Unit filename="main.c">
			<Option compilerVar="CC" />
		</Unit>
		<Unit filename="menus.h" />
		<Unit filename="organizador.c">
			<Option compilerVar="CC" />
		</Unit>
		<Unit filename="organizador.h" />
		<Unit filename="palestrante.c">
			<Option compilerVar="CC" />
		</Unit>
		<Unit filename="palestrante.h">
			<Option target="&lt;{~None~}&gt;" />
		</Unit>
		<Unit filename="remover.c">
			<Option compilerVar="CC" />
		</Unit>
		<Extensions>
			<code_completion />
			<envvars />
			<debugger />
		</Extensions>
	</Project>
</CodeBlocks_project_file>
